// !$*UTF8*$!
{
	archiveVersion = 1;
	classes = {
	};
	objectVersion = 46;
	objects = {

/* Begin PBXBuildFile section */
		4913701B1CB7FF7900767827 /* AppDelegate.swift in Sources */ = {isa = PBXBuildFile; fileRef = 4913701A1CB7FF7900767827 /* AppDelegate.swift */; };
		4913701D1CB7FF7900767827 /* MasterViewController.swift in Sources */ = {isa = PBXBuildFile; fileRef = 4913701C1CB7FF7900767827 /* MasterViewController.swift */; };
		4913701F1CB7FF7900767827 /* DetailViewController.swift in Sources */ = {isa = PBXBuildFile; fileRef = 4913701E1CB7FF7900767827 /* DetailViewController.swift */; };
		491370221CB7FF7900767827 /* Main.storyboard in Resources */ = {isa = PBXBuildFile; fileRef = 491370201CB7FF7900767827 /* Main.storyboard */; };
		491370241CB7FF7900767827 /* Assets.xcassets in Resources */ = {isa = PBXBuildFile; fileRef = 491370231CB7FF7900767827 /* Assets.xcassets */; };
		491370271CB7FF7900767827 /* LaunchScreen.storyboard in Resources */ = {isa = PBXBuildFile; fileRef = 491370251CB7FF7900767827 /* LaunchScreen.storyboard */; };
		491370371CB8031800767827 /* Song.swift in Sources */ = {isa = PBXBuildFile; fileRef = 491370361CB8031800767827 /* Song.swift */; };
		4913703D1CB8278E00767827 /* Becoming Insane.mp3 in Resources */ = {isa = PBXBuildFile; fileRef = 491370381CB8278E00767827 /* Becoming Insane.mp3 */; };
		4913703E1CB8278E00767827 /* The Dog Days Are Over.mp3 in Resources */ = {isa = PBXBuildFile; fileRef = 491370391CB8278E00767827 /* The Dog Days Are Over.mp3 */; };
		4913703F1CB8278E00767827 /* Immigrant Song.mp3 in Resources */ = {isa = PBXBuildFile; fileRef = 4913703A1CB8278E00767827 /* Immigrant Song.mp3 */; };
		491370401CB8278E00767827 /* We Found Love.mp3 in Resources */ = {isa = PBXBuildFile; fileRef = 4913703B1CB8278E00767827 /* We Found Love.mp3 */; };
		491370411CB8278E00767827 /* What Else Is There.mp3 in Resources */ = {isa = PBXBuildFile; fileRef = 4913703C1CB8278E00767827 /* What Else Is There.mp3 */; };
/* End PBXBuildFile section */

/* Begin PBXFileReference section */
		491370171CB7FF7800767827 /* MusicPlayer.app */ = {isa = PBXFileReference; explicitFileType = wrapper.application; includeInIndex = 0; path = MusicPlayer.app; sourceTree = BUILT_PRODUCTS_DIR; };
		4913701A1CB7FF7900767827 /* AppDelegate.swift */ = {isa = PBXFileReference; lastKnownFileType = sourcecode.swift; path = AppDelegate.swift; sourceTree = "<group>"; };
		4913701C1CB7FF7900767827 /* MasterViewController.swift */ = {isa = PBXFileReference; lastKnownFileType = sourcecode.swift; path = MasterViewController.swift; sourceTree = "<group>"; };
		4913701E1CB7FF7900767827 /* DetailViewController.swift */ = {isa = PBXFileReference; lastKnownFileType = sourcecode.swift; path = DetailViewController.swift; sourceTree = "<group>"; };
		491370211CB7FF7900767827 /* Base */ = {isa = PBXFileReference; lastKnownFileType = file.storyboard; name = Base; path = Base.lproj/Main.storyboard; sourceTree = "<group>"; };
		491370231CB7FF7900767827 /* Assets.xcassets */ = {isa = PBXFileReference; lastKnownFileType = folder.assetcatalog; path = Assets.xcassets; sourceTree = "<group>"; };
		491370261CB7FF7900767827 /* Base */ = {isa = PBXFileReference; lastKnownFileType = file.storyboard; name = Base; path = Base.lproj/LaunchScreen.storyboard; sourceTree = "<group>"; };
		491370281CB7FF7900767827 /* Info.plist */ = {isa = PBXFileReference; lastKnownFileType = text.plist.xml; path = Info.plist; sourceTree = "<group>"; };
		491370361CB8031800767827 /* Song.swift */ = {isa = PBXFileReference; fileEncoding = 4; lastKnownFileType = sourcecode.swift; path = Song.swift; sourceTree = "<group>"; };
		491370381CB8278E00767827 /* Becoming Insane.mp3 */ = {isa = PBXFileReference; lastKnownFileType = audio.mp3; path = "Becoming Insane.mp3"; sourceTree = "<group>"; };
		491370391CB8278E00767827 /* The Dog Days Are Over.mp3 */ = {isa = PBXFileReference; lastKnownFileType = audio.mp3; path = "The Dog Days Are Over.mp3"; sourceTree = "<group>"; };
		4913703A1CB8278E00767827 /* Immigrant Song.mp3 */ = {isa = PBXFileReference; lastKnownFileType = audio.mp3; path = "Immigrant Song.mp3"; sourceTree = "<group>"; };
		4913703B1CB8278E00767827 /* We Found Love.mp3 */ = {isa = PBXFileReference; lastKnownFileType = audio.mp3; path = "We Found Love.mp3"; sourceTree = "<group>"; };
		4913703C1CB8278E00767827 /* What Else Is There.mp3 */ = {isa = PBXFileReference; lastKnownFileType = audio.mp3; path = "What Else Is There.mp3"; sourceTree = "<group>"; };
/* End PBXFileReference section */

/* Begin PBXFrameworksBuildPhase section */
		491370141CB7FF7800767827 /* Frameworks */ = {
			isa = PBXFrameworksBuildPhase;
			buildActionMask = 2147483647;
			files = (
			);
			runOnlyForDeploymentPostprocessing = 0;
		};
/* End PBXFrameworksBuildPhase section */

/* Begin PBXGroup section */
		4913700E1CB7FF7800767827 = {
			isa = PBXGroup;
			children = (
				491370191CB7FF7900767827 /* MusicPlayer */,
				491370181CB7FF7800767827 /* Products */,
			);
			sourceTree = "<group>";
		};
		491370181CB7FF7800767827 /* Products */ = {
			isa = PBXGroup;
			children = (
				491370171CB7FF7800767827 /* MusicPlayer.app */,
			);
			name = Products;
			sourceTree = "<group>";
		};
		491370191CB7FF7900767827 /* MusicPlayer */ = {
			isa = PBXGroup;
			children = (
				491370351CB8028900767827 /* Controllers */,
				491370341CB8028000767827 /* Models */,
				4913702E1CB8007700767827 /* Songs */,
				4913701A1CB7FF7900767827 /* AppDelegate.swift */,
				491370201CB7FF7900767827 /* Main.storyboard */,
				491370231CB7FF7900767827 /* Assets.xcassets */,
				491370251CB7FF7900767827 /* LaunchScreen.storyboard */,
				491370281CB7FF7900767827 /* Info.plist */,
			);
			path = MusicPlayer;
			sourceTree = "<group>";
		};
		4913702E1CB8007700767827 /* Songs */ = {
			isa = PBXGroup;
			children = (
				491370381CB8278E00767827 /* Becoming Insane.mp3 */,
				491370391CB8278E00767827 /* The Dog Days Are Over.mp3 */,
				4913703A1CB8278E00767827 /* Immigrant Song.mp3 */,
				4913703B1CB8278E00767827 /* We Found Love.mp3 */,
				4913703C1CB8278E00767827 /* What Else Is There.mp3 */,
			);
			name = Songs;
			sourceTree = "<group>";
		};
		491370341CB8028000767827 /* Models */ = {
			isa = PBXGroup;
			children = (
				491370361CB8031800767827 /* Song.swift */,
			);
			name = Models;
			sourceTree = "<group>";
		};
		491370351CB8028900767827 /* Controllers */ = {
			isa = PBXGroup;
			children = (
				4913701C1CB7FF7900767827 /* MasterViewController.swift */,
				4913701E1CB7FF7900767827 /* DetailViewController.swift */,
			);
			name = Controllers;
			sourceTree = "<group>";
		};
/* End PBXGroup section */

/* Begin PBXNativeTarget section */
		491370161CB7FF7800767827 /* MusicPlayer */ = {
			isa = PBXNativeTarget;
			buildConfigurationList = 4913702B1CB7FF7900767827 /* Build configuration list for PBXNativeTarget "MusicPlayer" */;
			buildPhases = (
				491370131CB7FF7800767827 /* Sources */,
				491370141CB7FF7800767827 /* Frameworks */,
				491370151CB7FF7800767827 /* Resources */,
			);
			buildRules = (
			);
			dependencies = (
			);
			name = MusicPlayer;
			productName = MusicPlayer;
			productReference = 491370171CB7FF7800767827 /* MusicPlayer.app */;
			productType = "com.apple.product-type.application";
		};
/* End PBXNativeTarget section */

/* Begin PBXProject section */
		4913700F1CB7FF7800767827 /* Project object */ = {
			isa = PBXProject;
			attributes = {
				LastSwiftUpdateCheck = 0730;
				LastUpgradeCheck = 0730;
				ORGANIZATIONNAME = "Sergio Acosta";
				TargetAttributes = {
					491370161CB7FF7800767827 = {
						CreatedOnToolsVersion = 7.3;
						DevelopmentTeam = L9B8JU68WF;
					};
				};
			};
			buildConfigurationList = 491370121CB7FF7800767827 /* Build configuration list for PBXProject "MusicPlayer" */;
			compatibilityVersion = "Xcode 3.2";
			developmentRegion = English;
			hasScannedForEncodings = 0;
			knownRegions = (
				en,
				Base,
			);
			mainGroup = 4913700E1CB7FF7800767827;
			productRefGroup = 491370181CB7FF7800767827 /* Products */;
			projectDirPath = "";
			projectRoot = "";
			targets = (
				491370161CB7FF7800767827 /* MusicPlayer */,
			);
		};
/* End PBXProject section */

/* Begin PBXResourcesBuildPhase section */
		491370151CB7FF7800767827 /* Resources */ = {
			isa = PBXResourcesBuildPhase;
			buildActionMask = 2147483647;
			files = (
				4913703F1CB8278E00767827 /* Immigrant Song.mp3 in Resources */,
				491370271CB7FF7900767827 /* LaunchScreen.storyboard in Resources */,
				491370411CB8278E00767827 /* What Else Is There.mp3 in Resources */,
				491370401CB8278E00767827 /* We Found Love.mp3 in Resources */,
				491370241CB7FF7900767827 /* Assets.xcassets in Resources */,
				4913703E1CB8278E00767827 /* The Dog Days Are Over.mp3 in Resources */,
				4913703D1CB8278E00767827 /* Becoming Insane.mp3 in Resources */,
				491370221CB7FF7900767827 /* Main.storyboard in Resources */,
			);
			runOnlyForDeploymentPostprocessing = 0;
		};
/* End PBXResourcesBuildPhase section */

/* Begin PBXSourcesBuildPhase section */
		491370131CB7FF7800767827 /* Sources */ = {
			isa = PBXSourcesBuildPhase;
			buildActionMask = 2147483647;
			files = (
				491370371CB8031800767827 /* Song.swift in Sources */,
				4913701F1CB7FF7900767827 /* DetailViewController.swift in Sources */,
				4913701D1CB7FF7900767827 /* MasterViewController.swift in Sources */,
				4913701B1CB7FF7900767827 /* AppDelegate.swift in Sources */,
			);
			runOnlyForDeploymentPostprocessing = 0;
		};
/* End PBXSourcesBuildPhase section */

/* Begin PBXVariantGroup section */
		491370201CB7FF7900767827 /* Main.storyboard */ = {
			isa = PBXVariantGroup;
			children = (
				491370211CB7FF7900767827 /* Base */,
			);
			name = Main.storyboard;
			sourceTree = "<group>";
		};
		491370251CB7FF7900767827 /* LaunchScreen.storyboard */ = {
			isa = PBXVariantGroup;
			children = (
				491370261CB7FF7900767827 /* Base */,
			);
			name = LaunchScreen.storyboard;
			sourceTree = "<group>";
		};
/* End PBXVariantGroup section */

/* Begin XCBuildConfiguration section */
		491370291CB7FF7900767827 /* Debug */ = {
			isa = XCBuildConfiguration;
			buildSettings = {
				ALWAYS_SEARCH_USER_PATHS = NO;
				CLANG_ANALYZER_NONNULL = YES;
				CLANG_CXX_LANGUAGE_STANDARD = "gnu++0x";
				CLANG_CXX_LIBRARY = "libc++";
				CLANG_ENABLE_MODULES = YES;
				CLANG_ENABLE_OBJC_ARC = YES;
				CLANG_WARN_BOOL_CONVERSION = YES;
				CLANG_WARN_CONSTANT_CONVERSION = YES;
				CLANG_WARN_DIRECT_OBJC_ISA_USAGE = YES_ERROR;
				CLANG_WARN_EMPTY_BODY = YES;
				CLANG_WARN_ENUM_CONVERSION = YES;
				CLANG_WARN_INT_CONVERSION = YES;
				CLANG_WARN_OBJC_ROOT_CLASS = YES_ERROR;
				CLANG_WARN_UNREACHABLE_CODE = YES;
				CLANG_WARN__DUPLICATE_METHOD_MATCH = YES;
				"CODE_SIGN_IDENTITY[sdk=iphoneos*]" = "iPhone Developer";
				COPY_PHASE_STRIP = NO;
				DEBUG_INFORMATION_FORMAT = dwarf;
				ENABLE_STRICT_OBJC_MSGSEND = YES;
				ENABLE_TESTABILITY = YES;
				GCC_C_LANGUAGE_STANDARD = gnu99;
				GCC_DYNAMIC_NO_PIC = NO;
				GCC_NO_COMMON_BLOCKS = YES;
				GCC_OPTIMIZATION_LEVEL = 0;
				GCC_PREPROCESSOR_DEFINITIONS = (
					"DEBUG=1",
					"$(inherited)",
				);
				GCC_WARN_64_TO_32_BIT_CONVERSION = YES;
				GCC_WARN_ABOUT_RETURN_TYPE = YES_ERROR;
				GCC_WARN_UNDECLARED_SELECTOR = YES;
				GCC_WARN_UNINITIALIZED_AUTOS = YES_AGGRESSIVE;
				GCC_WARN_UNUSED_FUNCTION = YES;
				GCC_WARN_UNUSED_VARIABLE = YES;
				IPHONEOS_DEPLOYMENT_TARGET = 9.3;
				MTL_ENABLE_DEBUG_INFO = YES;
				ONLY_ACTIVE_ARCH = YES;
				SDKROOT = iphoneos;
				SWIFT_OPTIMIZATION_LEVEL = "-Onone";
			};
			name = Debug;
		};
		4913702A1CB7FF7900767827 /* Release */ = {
			isa = XCBuildConfiguration;
			buildSettings = {
				ALWAYS_SEARCH_USER_PATHS = NO;
				CLANG_ANALYZER_NONNULL = YES;
				CLANG_CXX_LANGUAGE_STANDARD = "gnu++0x";
				CLANG_CXX_LIBRARY = "libc++";
				CLANG_ENABLE_MODULES = YES;
				CLANG_ENABLE_OBJC_ARC = YES;
				CLANG_WARN_BOOL_CONVERSION = YES;
				CLANG_WARN_CONSTANT_CONVERSION = YES;
				CLANG_WARN_DIRECT_OBJC_ISA_USAGE = YES_ERROR;
				CLANG_WARN_EMPTY_BODY = YES;
				CLANG_WARN_ENUM_CONVERSION = YES;
				CLANG_WARN_INT_CONVERSION = YES;
				CLANG_WARN_OBJC_ROOT_CLASS = YES_ERROR;
				CLANG_WARN_UNREACHABLE_CODE = YES;
				CLANG_WARN__DUPLICATE_METHOD_MATCH = YES;
				"CODE_SIGN_IDENTITY[sdk=iphoneos*]" = "iPhone Developer";
				COPY_PHASE_STRIP = NO;
				DEBUG_INFORMATION_FORMAT = "dwarf-with-dsym";
				ENABLE_NS_ASSERTIONS = NO;
				ENABLE_STRICT_OBJC_MSGSEND = YES;
				GCC_C_LANGUAGE_STANDARD = gnu99;
				GCC_NO_COMMON_BLOCKS = YES;
				GCC_WARN_64_TO_32_BIT_CONVERSION = YES;
				GCC_WARN_ABOUT_RETURN_TYPE = YES_ERROR;
				GCC_WARN_UNDECLARED_SELECTOR = YES;
				GCC_WARN_UNINITIALIZED_AUTOS = YES_AGGRESSIVE;
				GCC_WARN_UNUSED_FUNCTION = YES;
				GCC_WARN_UNUSED_VARIABLE = YES;
				IPHONEOS_DEPLOYMENT_TARGET = 9.3;
				MTL_ENABLE_DEBUG_INFO = NO;
				SDKROOT = iphoneos;
				VALIDATE_PRODUCT = YES;
			};
			name = Release;
		};
		4913702C1CB7FF7900767827 /* Debug */ = {
			isa = XCBuildConfiguration;
			buildSettings = {
				ASSETCATALOG_COMPILER_APPICON_NAME = AppIcon;
				CODE_SIGN_IDENTITY = "iPhone Developer";
				"CODE_SIGN_IDENTITY[sdk=iphoneos*]" = "iPhone Developer";
				INFOPLIST_FILE = MusicPlayer/Info.plist;
				LD_RUNPATH_SEARCH_PATHS = "$(inherited) @executable_path/Frameworks";
				PRODUCT_BUNDLE_IDENTIFIER = net.sergioacosta.MusicPlayer;
				PRODUCT_NAME = "$(TARGET_NAME)";
				PROVISIONING_PROFILE = "";
			};
			name = Debug;
		};
		4913702D1CB7FF7900767827 /* Release */ = {
			isa = XCBuildConfiguration;
			buildSettings = {
				ASSETCATALOG_COMPILER_APPICON_NAME = AppIcon;
				CODE_SIGN_IDENTITY = "iPhone Developer";
				"CODE_SIGN_IDENTITY[sdk=iphoneos*]" = "iPhone Developer";
				INFOPLIST_FILE = MusicPlayer/Info.plist;
				LD_RUNPATH_SEARCH_PATHS = "$(inherited) @executable_path/Frameworks";
				PRODUCT_BUNDLE_IDENTIFIER = net.sergioacosta.MusicPlayer;
				PRODUCT_NAME = "$(TARGET_NAME)";
				PROVISIONING_PROFILE = "";
			};
			name = Release;
		};
/* End XCBuildConfiguration section */

/* Begin XCConfigurationList section */
		491370121CB7FF7800767827 /* Build configuration list for PBXProject "MusicPlayer" */ = {
			isa = XCConfigurationList;
			buildConfigurations = (
				491370291CB7FF7900767827 /* Debug */,
				4913702A1CB7FF7900767827 /* Release */,
			);
			defaultConfigurationIsVisible = 0;
			defaultConfigurationName = Release;
		};
		4913702B1CB7FF7900767827 /* Build configuration list for PBXNativeTarget "MusicPlayer" */ = {
			isa = XCConfigurationList;
			buildConfigurations = (
				4913702C1CB7FF7900767827 /* Debug */,
				4913702D1CB7FF7900767827 /* Release */,
			);
			defaultConfigurationIsVisible = 0;
		};
/* End XCConfigurationList section */
	};
	rootObject = 4913700F1CB7FF7800767827 /* Project object */;
}
